
Microsoft Visual Studio Solution File, Format Version 12.00
# Visual Studio Version 17
VisualStudioVersion = 17.3.32929.385
MinimumVisualStudioVersion = 10.0.40219.1
Project("{9A19103F-16F7-4668-BE54-9A1E7A4F7556}") = "ShapeMath.Tests", "ShapeMath.Tests\ShapeMath.Tests.csproj", "{8FC14107-3741-45C6-8F62-8EB8EDA0FA2F}"
EndProject
Project("{9A19103F-16F7-4668-BE54-9A1E7A4F7556}") = "ShapeMath", "ShapeMath\ShapeMath.csproj", "{11CE27AF-CFCC-4574-9BC1-2D1D3AB3AC40}"
EndProject
Global
	GlobalSection(SolutionConfigurationPlatforms) = preSolution
		Debug|Any CPU = Debug|Any CPU
		Release|Any CPU = Release|Any CPU
	EndGlobalSection
	GlobalSection(ProjectConfigurationPlatforms) = postSolution
		{8FC14107-3741-45C6-8F62-8EB8EDA0FA2F}.Debug|Any CPU.ActiveCfg = Debug|Any CPU
		{8FC14107-3741-45C6-8F62-8EB8EDA0FA2F}.Debug|Any CPU.Build.0 = Debug|Any CPU
		{8FC14107-3741-45C6-8F62-8EB8EDA0FA2F}.Release|Any CPU.ActiveCfg = Release|Any CPU
		{8FC14107-3741-45C6-8F62-8EB8EDA0FA2F}.Release|Any CPU.Build.0 = Release|Any CPU
		{11CE27AF-CFCC-4574-9BC1-2D1D3AB3AC40}.Debug|Any CPU.ActiveCfg = Debug|Any CPU
		{11CE27AF-CFCC-4574-9BC1-2D1D3AB3AC40}.Debug|Any CPU.Build.0 = Debug|Any CPU
		{11CE27AF-CFCC-4574-9BC1-2D1D3AB3AC40}.Release|Any CPU.ActiveCfg = Release|Any CPU
		{11CE27AF-CFCC-4574-9BC1-2D1D3AB3AC40}.Release|Any CPU.Build.0 = Release|Any CPU
	EndGlobalSection
	GlobalSection(SolutionProperties) = preSolution
		HideSolutionNode = FALSE
	EndGlobalSection
	GlobalSection(ExtensibilityGlobals) = postSolution
		SolutionGuid = {E56C27E6-11CE-463B-9127-BA3E30774F70}
	EndGlobalSection
EndGlobal
